// !$*UTF8*$!
{
	archiveVersion = 1;
	classes = {
	};
	objectVersion = 46;
	objects = {

/* Begin PBXBuildFile section */
		1B2248411D67854600B4A61F /* AppDelegate.swift in Sources */ = {isa = PBXBuildFile; fileRef = 1B2248401D67854600B4A61F /* AppDelegate.swift */; };
		1B2248431D67854600B4A61F /* ViewController.swift in Sources */ = {isa = PBXBuildFile; fileRef = 1B2248421D67854600B4A61F /* ViewController.swift */; };
		1B2248461D67854600B4A61F /* Main.storyboard in Resources */ = {isa = PBXBuildFile; fileRef = 1B2248441D67854600B4A61F /* Main.storyboard */; };
		1B2248481D67854600B4A61F /* Assets.xcassets in Resources */ = {isa = PBXBuildFile; fileRef = 1B2248471D67854600B4A61F /* Assets.xcassets */; };
		1B22484B1D67854600B4A61F /* LaunchScreen.storyboard in Resources */ = {isa = PBXBuildFile; fileRef = 1B2248491D67854600B4A61F /* LaunchScreen.storyboard */; };
/* End PBXBuildFile section */

/* Begin PBXFileReference section */
		1B22483D1D67854600B4A61F /* Dictionary-Ice-Cream-Lab.app */ = {isa = PBXFileReference; explicitFileType = wrapper.application; includeInIndex = 0; path = "Dictionary-Ice-Cream-Lab.app"; sourceTree = BUILT_PRODUCTS_DIR; };
		1B2248401D67854600B4A61F /* AppDelegate.swift */ = {isa = PBXFileReference; lastKnownFileType = sourcecode.swift; path = AppDelegate.swift; sourceTree = "<group>"; };
		1B2248421D67854600B4A61F /* ViewController.swift */ = {isa = PBXFileReference; lastKnownFileType = sourcecode.swift; path = ViewController.swift; sourceTree = "<group>"; };
		1B2248451D67854600B4A61F /* Base */ = {isa = PBXFileReference; lastKnownFileType = file.storyboard; name = Base; path = Base.lproj/Main.storyboard; sourceTree = "<group>"; };
		1B2248471D67854600B4A61F /* Assets.xcassets */ = {isa = PBXFileReference; lastKnownFileType = folder.assetcatalog; path = Assets.xcassets; sourceTree = "<group>"; };
		1B22484A1D67854600B4A61F /* Base */ = {isa = PBXFileReference; lastKnownFileType = file.storyboard; name = Base; path = Base.lproj/LaunchScreen.storyboard; sourceTree = "<group>"; };
		1B22484C1D67854600B4A61F /* Info.plist */ = {isa = PBXFileReference; lastKnownFileType = text.plist.xml; path = Info.plist; sourceTree = "<group>"; };
/* End PBXFileReference section */

/* Begin PBXFrameworksBuildPhase section */
		1B22483A1D67854600B4A61F /* Frameworks */ = {
			isa = PBXFrameworksBuildPhase;
			buildActionMask = 2147483647;
			files = (
			);
			runOnlyForDeploymentPostprocessing = 0;
		};
/* End PBXFrameworksBuildPhase section */

/* Begin PBXGroup section */
		1B2248341D67854600B4A61F = {
			isa = PBXGroup;
			children = (
				1B22483F1D67854600B4A61F /* Dictionary-Ice-Cream-Lab */,
				1B22483E1D67854600B4A61F /* Products */,
			);
			sourceTree = "<group>";
		};
		1B22483E1D67854600B4A61F /* Products */ = {
			isa = PBXGroup;
			children = (
				1B22483D1D67854600B4A61F /* Dictionary-Ice-Cream-Lab.app */,
			);
			name = Products;
			sourceTree = "<group>";
		};
		1B22483F1D67854600B4A61F /* Dictionary-Ice-Cream-Lab */ = {
			isa = PBXGroup;
			children = (
				1B2248401D67854600B4A61F /* AppDelegate.swift */,
				1B2248421D67854600B4A61F /* ViewController.swift */,
				1B2248441D67854600B4A61F /* Main.storyboard */,
				1B2248471D67854600B4A61F /* Assets.xcassets */,
				1B2248491D67854600B4A61F /* LaunchScreen.storyboard */,
				1B22484C1D67854600B4A61F /* Info.plist */,
			);
			path = "Dictionary-Ice-Cream-Lab";
			sourceTree = "<group>";
		};
/* End PBXGroup section */

/* Begin PBXNativeTarget section */
		1B22483C1D67854600B4A61F /* Dictionary-Ice-Cream-Lab */ = {
			isa = PBXNativeTarget;
			buildConfigurationList = 1B22484F1D67854600B4A61F /* Build configuration list for PBXNativeTarget "Dictionary-Ice-Cream-Lab" */;
			buildPhases = (
				1B2248391D67854600B4A61F /* Sources */,
				1B22483A1D67854600B4A61F /* Frameworks */,
				1B22483B1D67854600B4A61F /* Resources */,
			);
			buildRules = (
			);
			dependencies = (
			);
			name = "Dictionary-Ice-Cream-Lab";
			productName = "Dictionary-Ice-Cream-Lab";
			productReference = 1B22483D1D67854600B4A61F /* Dictionary-Ice-Cream-Lab.app */;
			productType = "com.apple.product-type.application";
		};
/* End PBXNativeTarget section */

/* Begin PBXProject section */
		1B2248351D67854600B4A61F /* Project object */ = {
			isa = PBXProject;
			attributes = {
				LastSwiftUpdateCheck = 0730;
				LastUpgradeCheck = 0730;
				ORGANIZATIONNAME = "Flatiron School";
				TargetAttributes = {
					1B22483C1D67854600B4A61F = {
						CreatedOnToolsVersion = 7.3.1;
					};
				};
			};
			buildConfigurationList = 1B2248381D67854600B4A61F /* Build configuration list for PBXProject "Dictionary-Ice-Cream-Lab" */;
			compatibilityVersion = "Xcode 3.2";
			developmentRegion = English;
			hasScannedForEncodings = 0;
			knownRegions = (
				en,
				Base,
			);
			mainGroup = 1B2248341D67854600B4A61F;
			productRefGroup = 1B22483E1D67854600B4A61F /* Products */;
			projectDirPath = "";
			projectRoot = "";
			targets = (
				1B22483C1D67854600B4A61F /* Dictionary-Ice-Cream-Lab */,
			);
		};
/* End PBXProject section */

/* Begin PBXResourcesBuildPhase section */
		1B22483B1D67854600B4A61F /* Resources */ = {
			isa = PBXResourcesBuildPhase;
			buildActionMask = 2147483647;
			files = (
				1B22484B1D67854600B4A61F /* LaunchScreen.storyboard in Resources */,
				1B2248481D67854600B4A61F /* Assets.xcassets in Resources */,
				1B2248461D67854600B4A61F /* Main.storyboard in Resources */,
			);
			runOnlyForDeploymentPostprocessing = 0;
		};
/* End PBXResourcesBuildPhase section */

/* Begin PBXSourcesBuildPhase section */
		1B2248391D67854600B4A61F /* Sources */ = {
			isa = PBXSourcesBuildPhase;
			buildActionMask = 2147483647;
			files = (
				1B2248431D67854600B4A61F /* ViewController.swift in Sources */,
				1B2248411D67854600B4A61F /* AppDelegate.swift in Sources */,
			);
			runOnlyForDeploymentPostprocessing = 0;
		};
/* End PBXSourcesBuildPhase section */

/* Begin PBXVariantGroup section */
		1B2248441D67854600B4A61F /* Main.storyboard */ = {
			isa = PBXVariantGroup;
			children = (
				1B2248451D67854600B4A61F /* Base */,
			);
			name = Main.storyboard;
			sourceTree = "<group>";
		};
		1B2248491D67854600B4A61F /* LaunchScreen.storyboard */ = {
			isa = PBXVariantGroup;
			children = (
				1B22484A1D67854600B4A61F /* Base */,
			);
			name = LaunchScreen.storyboard;
			sourceTree = "<group>";
		};
/* End PBXVariantGroup section */

/* Begin XCBuildConfiguration section */
		1B22484D1D67854600B4A61F /* Debug */ = {
			isa = XCBuildConfiguration;
			buildSettings = {
				ALWAYS_SEARCH_USER_PATHS = NO;
				CLANG_ANALYZER_NONNULL = YES;
				CLANG_CXX_LANGUAGE_STANDARD = "gnu++0x";
				CLANG_CXX_LIBRARY = "libc++";
				CLANG_ENABLE_MODULES = YES;
				CLANG_ENABLE_OBJC_ARC = YES;
				CLANG_WARN_BOOL_CONVERSION = YES;
				CLANG_WARN_CONSTANT_CONVERSION = YES;
				CLANG_WARN_DIRECT_OBJC_ISA_USAGE = YES_ERROR;
				CLANG_WARN_EMPTY_BODY = YES;
				CLANG_WARN_ENUM_CONVERSION = YES;
				CLANG_WARN_INT_CONVERSION = YES;
				CLANG_WARN_OBJC_ROOT_CLASS = YES_ERROR;
				CLANG_WARN_UNREACHABLE_CODE = YES;
				CLANG_WARN__DUPLICATE_METHOD_MATCH = YES;
				"CODE_SIGN_IDENTITY[sdk=iphoneos*]" = "iPhone Developer";
				COPY_PHASE_STRIP = NO;
				DEBUG_INFORMATION_FORMAT = dwarf;
				ENABLE_STRICT_OBJC_MSGSEND = YES;
				ENABLE_TESTABILITY = YES;
				GCC_C_LANGUAGE_STANDARD = gnu99;
				GCC_DYNAMIC_NO_PIC = NO;
				GCC_NO_COMMON_BLOCKS = YES;
				GCC_OPTIMIZATION_LEVEL = 0;
				GCC_PREPROCESSOR_DEFINITIONS = (
					"DEBUG=1",
					"$(inherited)",
				);
				GCC_WARN_64_TO_32_BIT_CONVERSION = YES;
				GCC_WARN_ABOUT_RETURN_TYPE = YES_ERROR;
				GCC_WARN_UNDECLARED_SELECTOR = YES;
				GCC_WARN_UNINITIALIZED_AUTOS = YES_AGGRESSIVE;
				GCC_WARN_UNUSED_FUNCTION = YES;
				GCC_WARN_UNUSED_VARIABLE = YES;
				IPHONEOS_DEPLOYMENT_TARGET = 9.3;
				MTL_ENABLE_DEBUG_INFO = YES;
				ONLY_ACTIVE_ARCH = YES;
				SDKROOT = iphoneos;
				SWIFT_OPTIMIZATION_LEVEL = "-Onone";
			};
			name = Debug;
		};
		1B22484E1D67854600B4A61F /* Release */ = {
			isa = XCBuildConfiguration;
			buildSettings = {
				ALWAYS_SEARCH_USER_PATHS = NO;
				CLANG_ANALYZER_NONNULL = YES;
				CLANG_CXX_LANGUAGE_STANDARD = "gnu++0x";
				CLANG_CXX_LIBRARY = "libc++";
				CLANG_ENABLE_MODULES = YES;
				CLANG_ENABLE_OBJC_ARC = YES;
				CLANG_WARN_BOOL_CONVERSION = YES;
				CLANG_WARN_CONSTANT_CONVERSION = YES;
				CLANG_WARN_DIRECT_OBJC_ISA_USAGE = YES_ERROR;
				CLANG_WARN_EMPTY_BODY = YES;
				CLANG_WARN_ENUM_CONVERSION = YES;
				CLANG_WARN_INT_CONVERSION = YES;
				CLANG_WARN_OBJC_ROOT_CLASS = YES_ERROR;
				CLANG_WARN_UNREACHABLE_CODE = YES;
				CLANG_WARN__DUPLICATE_METHOD_MATCH = YES;
				"CODE_SIGN_IDENTITY[sdk=iphoneos*]" = "iPhone Developer";
				COPY_PHASE_STRIP = NO;
				DEBUG_INFORMATION_FORMAT = "dwarf-with-dsym";
				ENABLE_NS_ASSERTIONS = NO;
				ENABLE_STRICT_OBJC_MSGSEND = YES;
				GCC_C_LANGUAGE_STANDARD = gnu99;
				GCC_NO_COMMON_BLOCKS = YES;
				GCC_WARN_64_TO_32_BIT_CONVERSION = YES;
				GCC_WARN_ABOUT_RETURN_TYPE = YES_ERROR;
				GCC_WARN_UNDECLARED_SELECTOR = YES;
				GCC_WARN_UNINITIALIZED_AUTOS = YES_AGGRESSIVE;
				GCC_WARN_UNUSED_FUNCTION = YES;
				GCC_WARN_UNUSED_VARIABLE = YES;
				IPHONEOS_DEPLOYMENT_TARGET = 9.3;
				MTL_ENABLE_DEBUG_INFO = NO;
				SDKROOT = iphoneos;
				VALIDATE_PRODUCT = YES;
			};
			name = Release;
		};
		1B2248501D67854600B4A61F /* Debug */ = {
			isa = XCBuildConfiguration;
			buildSettings = {
				ASSETCATALOG_COMPILER_APPICON_NAME = AppIcon;
				INFOPLIST_FILE = "Dictionary-Ice-Cream-Lab/Info.plist";
				LD_RUNPATH_SEARCH_PATHS = "$(inherited) @executable_path/Frameworks";
				PRODUCT_BUNDLE_IDENTIFIER = "FlatironSchool.com.Dictionary-Ice-Cream-Lab";
				PRODUCT_NAME = "$(TARGET_NAME)";
			};
			name = Debug;
		};
		1B2248511D67854600B4A61F /* Release */ = {
			isa = XCBuildConfiguration;
			buildSettings = {
				ASSETCATALOG_COMPILER_APPICON_NAME = AppIcon;
				INFOPLIST_FILE = "Dictionary-Ice-Cream-Lab/Info.plist";
				LD_RUNPATH_SEARCH_PATHS = "$(inherited) @executable_path/Frameworks";
				PRODUCT_BUNDLE_IDENTIFIER = "FlatironSchool.com.Dictionary-Ice-Cream-Lab";
				PRODUCT_NAME = "$(TARGET_NAME)";
			};
			name = Release;
		};
/* End XCBuildConfiguration section */

/* Begin XCConfigurationList section */
		1B2248381D67854600B4A61F /* Build configuration list for PBXProject "Dictionary-Ice-Cream-Lab" */ = {
			isa = XCConfigurationList;
			buildConfigurations = (
				1B22484D1D67854600B4A61F /* Debug */,
				1B22484E1D67854600B4A61F /* Release */,
			);
			defaultConfigurationIsVisible = 0;
			defaultConfigurationName = Release;
		};
		1B22484F1D67854600B4A61F /* Build configuration list for PBXNativeTarget "Dictionary-Ice-Cream-Lab" */ = {
			isa = XCConfigurationList;
			buildConfigurations = (
				1B2248501D67854600B4A61F /* Debug */,
				1B2248511D67854600B4A61F /* Release */,
			);
			defaultConfigurationIsVisible = 0;
		};
/* End XCConfigurationList section */
	};
	rootObject = 1B2248351D67854600B4A61F /* Project object */;
}
